{
  "object": {
    "pins": [
      {
        "package": "XcodeProject",
        "repositoryURL": "git@github.com:bannzai/XcodeProject.git",
        "state": {
          "branch": null,
          "revision": "8a4100c6da99fcb0633bb32f1b86facd6c04997d",
          "version": "0.1.1"
        }
      }
    ]
  },
  "version": 1
}
