{
  "object": {
    "pins": [
      {
        "package": "XcodeProject",
        "repositoryURL": "git@github.com:bannzai/XcodeProject.git",
        "state": {
          "branch": null,
          "revision": "5c2692d4e1157374ff1bb056b2eb57dce2896279",
          "version": "0.1.0"
        }
      }
    ]
  },
  "version": 1
}
