// !$*UTF8*$!
{
	archiveVersion = 1;
	classes = {
	};
	objectVersion = 46;
	objects = {

/* Begin PBXBuildFile section */
		9C0CC5A01D3237A700683AC6 /* Error.swift in Sources */ = {isa = PBXBuildFile; fileRef = 9C0CC59F1D3237A700683AC6 /* Error.swift */; };
		9C56AE551CC11A9600A38BCE /* main.swift in Sources */ = {isa = PBXBuildFile; fileRef = 9C56AE541CC11A9600A38BCE /* main.swift */; };
		9C56AE601CC11C8000A38BCE /* Extensions.swift in Sources */ = {isa = PBXBuildFile; fileRef = 9C56AE5C1CC11C8000A38BCE /* Extensions.swift */; };
		9C56AE611CC11C8000A38BCE /* PBXObject.swift in Sources */ = {isa = PBXBuildFile; fileRef = 9C56AE5D1CC11C8000A38BCE /* PBXObject.swift */; };
		9C56AE621CC11C8000A38BCE /* Serialization.swift in Sources */ = {isa = PBXBuildFile; fileRef = 9C56AE5E1CC11C8000A38BCE /* Serialization.swift */; };
		9C56AE631CC11C8000A38BCE /* XCProjectFile.swift in Sources */ = {isa = PBXBuildFile; fileRef = 9C56AE5F1CC11C8000A38BCE /* XCProjectFile.swift */; };
		9C56AE6D1CC11CA800A38BCE /* Cell.swift in Sources */ = {isa = PBXBuildFile; fileRef = 9C56AE641CC11CA800A38BCE /* Cell.swift */; };
		9C56AE6E1CC11CA800A38BCE /* Component.swift in Sources */ = {isa = PBXBuildFile; fileRef = 9C56AE651CC11CA800A38BCE /* Component.swift */; };
		9C56AE6F1CC11CA800A38BCE /* Helper.swift in Sources */ = {isa = PBXBuildFile; fileRef = 9C56AE661CC11CA800A38BCE /* Helper.swift */; };
		9C56AE711CC11CA800A38BCE /* Parser.swift in Sources */ = {isa = PBXBuildFile; fileRef = 9C56AE681CC11CA800A38BCE /* Parser.swift */; };
		9C56AE721CC11CA800A38BCE /* ProjectResource.swift in Sources */ = {isa = PBXBuildFile; fileRef = 9C56AE691CC11CA800A38BCE /* ProjectResource.swift */; };
		9C56AE731CC11CA800A38BCE /* Structure.swift in Sources */ = {isa = PBXBuildFile; fileRef = 9C56AE6A1CC11CA800A38BCE /* Structure.swift */; };
		9C56AE741CC11CA800A38BCE /* ViewController.swift in Sources */ = {isa = PBXBuildFile; fileRef = 9C56AE6B1CC11CA800A38BCE /* ViewController.swift */; };
		9C56AE751CC11CA800A38BCE /* Xib.swift in Sources */ = {isa = PBXBuildFile; fileRef = 9C56AE6C1CC11CA800A38BCE /* Xib.swift */; };
		9C56AE771CC11F9500A38BCE /* Resource.swift in Sources */ = {isa = PBXBuildFile; fileRef = 9C56AE761CC11F9500A38BCE /* Resource.swift */; };
		9C5990EB1CDB5145008884DA /* Config.swift in Sources */ = {isa = PBXBuildFile; fileRef = 9C5990EA1CDB5145008884DA /* Config.swift */; };
		9C8EB9161CD84BBA00E63A84 /* ProjectResourceParser.swift in Sources */ = {isa = PBXBuildFile; fileRef = 9C8EB9151CD84BBA00E63A84 /* ProjectResourceParser.swift */; };
		9C8EB91B1CD84BD100E63A84 /* StoryboardParser.swift in Sources */ = {isa = PBXBuildFile; fileRef = 9C8EB91A1CD84BD100E63A84 /* StoryboardParser.swift */; };
		9C8EB91D1CD84BDE00E63A84 /* XibParser.swift in Sources */ = {isa = PBXBuildFile; fileRef = 9C8EB91C1CD84BDE00E63A84 /* XibParser.swift */; };
		BA1B67681F75520600AC7E31 /* LocalizedStringRepository.swift in Sources */ = {isa = PBXBuildFile; fileRef = BA1B67671F75520600AC7E31 /* LocalizedStringRepository.swift */; };
		BA1B676A1F75521900AC7E31 /* LocalizedStringTranslator.swift in Sources */ = {isa = PBXBuildFile; fileRef = BA1B67691F75521900AC7E31 /* LocalizedStringTranslator.swift */; };
		BA1B676E1F75522D00AC7E31 /* LocalizedStringEntity.swift in Sources */ = {isa = PBXBuildFile; fileRef = BA1B676D1F75522D00AC7E31 /* LocalizedStringEntity.swift */; };
		BA1B67701F75523B00AC7E31 /* LocalizedStringOutputer.swift in Sources */ = {isa = PBXBuildFile; fileRef = BA1B676F1F75523B00AC7E31 /* LocalizedStringOutputer.swift */; };
		BA1B67731F75609C00AC7E31 /* ExtensionsOutput.swift in Sources */ = {isa = PBXBuildFile; fileRef = BA1B67721F75609C00AC7E31 /* ExtensionsOutput.swift */; };
		BA1B67761F75DE6F00AC7E31 /* ImportOutput.swift in Sources */ = {isa = PBXBuildFile; fileRef = BA1B67751F75DE6F00AC7E31 /* ImportOutput.swift */; };
		BA1B67791F75EC6F00AC7E31 /* AppendableProtocols.swift in Sources */ = {isa = PBXBuildFile; fileRef = BA1B67781F75EC6F00AC7E31 /* AppendableProtocols.swift */; };
		BA2455FD1F3B3D3200C383F4 /* ImageRepository.swift in Sources */ = {isa = PBXBuildFile; fileRef = BA2455FC1F3B3D3200C383F4 /* ImageRepository.swift */; };
		BA2455FF1F3B3D4000C383F4 /* ImageTranslator.swift in Sources */ = {isa = PBXBuildFile; fileRef = BA2455FE1F3B3D4000C383F4 /* ImageTranslator.swift */; };
		BA2456021F3B3D4F00C383F4 /* Translator.swift in Sources */ = {isa = PBXBuildFile; fileRef = BA2456011F3B3D4F00C383F4 /* Translator.swift */; };
		BA2456041F3B3D6100C383F4 /* Output.swift in Sources */ = {isa = PBXBuildFile; fileRef = BA2456031F3B3D6100C383F4 /* Output.swift */; };
		BA2456061F3B3DEE00C383F4 /* ImageEntity.swift in Sources */ = {isa = PBXBuildFile; fileRef = BA2456051F3B3DEE00C383F4 /* ImageEntity.swift */; };
		BA2456081F3B3E2100C383F4 /* ImageOutputer.swift in Sources */ = {isa = PBXBuildFile; fileRef = BA2456071F3B3E2100C383F4 /* ImageOutputer.swift */; };
		BAB2EB8E1F09463E00607C22 /* AccessControlType.swift in Sources */ = {isa = PBXBuildFile; fileRef = BAB2EB8D1F09463E00607C22 /* AccessControlType.swift */; };
/* End PBXBuildFile section */

/* Begin PBXCopyFilesBuildPhase section */
		9C56AE4F1CC11A9600A38BCE /* CopyFiles */ = {
			isa = PBXCopyFilesBuildPhase;
			buildActionMask = 2147483647;
			dstPath = /usr/share/man/man1/;
			dstSubfolderSpec = 0;
			files = (
			);
			runOnlyForDeploymentPostprocessing = 1;
		};
/* End PBXCopyFilesBuildPhase section */

/* Begin PBXFileReference section */
		9C0CC59F1D3237A700683AC6 /* Error.swift */ = {isa = PBXFileReference; fileEncoding = 4; lastKnownFileType = sourcecode.swift; path = Error.swift; sourceTree = "<group>"; };
		9C56AE511CC11A9600A38BCE /* ResourceKit */ = {isa = PBXFileReference; explicitFileType = "compiled.mach-o.executable"; includeInIndex = 0; path = ResourceKit; sourceTree = BUILT_PRODUCTS_DIR; };
		9C56AE541CC11A9600A38BCE /* main.swift */ = {isa = PBXFileReference; lastKnownFileType = sourcecode.swift; path = main.swift; sourceTree = "<group>"; };
		9C56AE5C1CC11C8000A38BCE /* Extensions.swift */ = {isa = PBXFileReference; fileEncoding = 4; lastKnownFileType = sourcecode.swift; name = Extensions.swift; path = Xcode.swift/Xcode/Xcode/Extensions.swift; sourceTree = "<group>"; };
		9C56AE5D1CC11C8000A38BCE /* PBXObject.swift */ = {isa = PBXFileReference; fileEncoding = 4; lastKnownFileType = sourcecode.swift; name = PBXObject.swift; path = Xcode.swift/Xcode/Xcode/PBXObject.swift; sourceTree = "<group>"; };
		9C56AE5E1CC11C8000A38BCE /* Serialization.swift */ = {isa = PBXFileReference; fileEncoding = 4; lastKnownFileType = sourcecode.swift; name = Serialization.swift; path = Xcode.swift/Xcode/Xcode/Serialization.swift; sourceTree = "<group>"; };
		9C56AE5F1CC11C8000A38BCE /* XCProjectFile.swift */ = {isa = PBXFileReference; fileEncoding = 4; lastKnownFileType = sourcecode.swift; name = XCProjectFile.swift; path = Xcode.swift/Xcode/Xcode/XCProjectFile.swift; sourceTree = "<group>"; };
		9C56AE641CC11CA800A38BCE /* Cell.swift */ = {isa = PBXFileReference; fileEncoding = 4; lastKnownFileType = sourcecode.swift; path = Cell.swift; sourceTree = "<group>"; };
		9C56AE651CC11CA800A38BCE /* Component.swift */ = {isa = PBXFileReference; fileEncoding = 4; lastKnownFileType = sourcecode.swift; path = Component.swift; sourceTree = "<group>"; };
		9C56AE661CC11CA800A38BCE /* Helper.swift */ = {isa = PBXFileReference; fileEncoding = 4; lastKnownFileType = sourcecode.swift; path = Helper.swift; sourceTree = "<group>"; };
		9C56AE681CC11CA800A38BCE /* Parser.swift */ = {isa = PBXFileReference; fileEncoding = 4; lastKnownFileType = sourcecode.swift; path = Parser.swift; sourceTree = "<group>"; };
		9C56AE691CC11CA800A38BCE /* ProjectResource.swift */ = {isa = PBXFileReference; fileEncoding = 4; lastKnownFileType = sourcecode.swift; path = ProjectResource.swift; sourceTree = "<group>"; };
		9C56AE6A1CC11CA800A38BCE /* Structure.swift */ = {isa = PBXFileReference; fileEncoding = 4; lastKnownFileType = sourcecode.swift; path = Structure.swift; sourceTree = "<group>"; };
		9C56AE6B1CC11CA800A38BCE /* ViewController.swift */ = {isa = PBXFileReference; fileEncoding = 4; lastKnownFileType = sourcecode.swift; path = ViewController.swift; sourceTree = "<group>"; };
		9C56AE6C1CC11CA800A38BCE /* Xib.swift */ = {isa = PBXFileReference; fileEncoding = 4; lastKnownFileType = sourcecode.swift; path = Xib.swift; sourceTree = "<group>"; };
		9C56AE761CC11F9500A38BCE /* Resource.swift */ = {isa = PBXFileReference; fileEncoding = 4; lastKnownFileType = sourcecode.swift; path = Resource.swift; sourceTree = "<group>"; };
		9C5990EA1CDB5145008884DA /* Config.swift */ = {isa = PBXFileReference; fileEncoding = 4; lastKnownFileType = sourcecode.swift; path = Config.swift; sourceTree = "<group>"; };
		9C8EB9151CD84BBA00E63A84 /* ProjectResourceParser.swift */ = {isa = PBXFileReference; fileEncoding = 4; lastKnownFileType = sourcecode.swift; path = ProjectResourceParser.swift; sourceTree = "<group>"; };
		9C8EB91A1CD84BD100E63A84 /* StoryboardParser.swift */ = {isa = PBXFileReference; fileEncoding = 4; lastKnownFileType = sourcecode.swift; path = StoryboardParser.swift; sourceTree = "<group>"; };
		9C8EB91C1CD84BDE00E63A84 /* XibParser.swift */ = {isa = PBXFileReference; fileEncoding = 4; lastKnownFileType = sourcecode.swift; path = XibParser.swift; sourceTree = "<group>"; };
		BA1B67671F75520600AC7E31 /* LocalizedStringRepository.swift */ = {isa = PBXFileReference; fileEncoding = 4; lastKnownFileType = sourcecode.swift; path = LocalizedStringRepository.swift; sourceTree = "<group>"; };
		BA1B67691F75521900AC7E31 /* LocalizedStringTranslator.swift */ = {isa = PBXFileReference; fileEncoding = 4; lastKnownFileType = sourcecode.swift; path = LocalizedStringTranslator.swift; sourceTree = "<group>"; };
		BA1B676D1F75522D00AC7E31 /* LocalizedStringEntity.swift */ = {isa = PBXFileReference; fileEncoding = 4; lastKnownFileType = sourcecode.swift; path = LocalizedStringEntity.swift; sourceTree = "<group>"; };
		BA1B676F1F75523B00AC7E31 /* LocalizedStringOutputer.swift */ = {isa = PBXFileReference; fileEncoding = 4; lastKnownFileType = sourcecode.swift; path = LocalizedStringOutputer.swift; sourceTree = "<group>"; };
		BA1B67721F75609C00AC7E31 /* ExtensionsOutput.swift */ = {isa = PBXFileReference; fileEncoding = 4; lastKnownFileType = sourcecode.swift; path = ExtensionsOutput.swift; sourceTree = "<group>"; };
		BA1B67751F75DE6F00AC7E31 /* ImportOutput.swift */ = {isa = PBXFileReference; fileEncoding = 4; lastKnownFileType = sourcecode.swift; path = ImportOutput.swift; sourceTree = "<group>"; };
		BA1B67781F75EC6F00AC7E31 /* AppendableProtocols.swift */ = {isa = PBXFileReference; fileEncoding = 4; lastKnownFileType = sourcecode.swift; path = AppendableProtocols.swift; sourceTree = "<group>"; };
		BA2455FC1F3B3D3200C383F4 /* ImageRepository.swift */ = {isa = PBXFileReference; fileEncoding = 4; lastKnownFileType = sourcecode.swift; path = ImageRepository.swift; sourceTree = "<group>"; };
		BA2455FE1F3B3D4000C383F4 /* ImageTranslator.swift */ = {isa = PBXFileReference; fileEncoding = 4; lastKnownFileType = sourcecode.swift; path = ImageTranslator.swift; sourceTree = "<group>"; };
		BA2456011F3B3D4F00C383F4 /* Translator.swift */ = {isa = PBXFileReference; fileEncoding = 4; lastKnownFileType = sourcecode.swift; path = Translator.swift; sourceTree = "<group>"; };
		BA2456031F3B3D6100C383F4 /* Output.swift */ = {isa = PBXFileReference; fileEncoding = 4; lastKnownFileType = sourcecode.swift; path = Output.swift; sourceTree = "<group>"; };
		BA2456051F3B3DEE00C383F4 /* ImageEntity.swift */ = {isa = PBXFileReference; fileEncoding = 4; lastKnownFileType = sourcecode.swift; path = ImageEntity.swift; sourceTree = "<group>"; };
		BA2456071F3B3E2100C383F4 /* ImageOutputer.swift */ = {isa = PBXFileReference; fileEncoding = 4; lastKnownFileType = sourcecode.swift; path = ImageOutputer.swift; sourceTree = "<group>"; };
		BAB2EB8D1F09463E00607C22 /* AccessControlType.swift */ = {isa = PBXFileReference; fileEncoding = 4; lastKnownFileType = sourcecode.swift; path = AccessControlType.swift; sourceTree = "<group>"; };
/* End PBXFileReference section */

/* Begin PBXFrameworksBuildPhase section */
		9C56AE4E1CC11A9600A38BCE /* Frameworks */ = {
			isa = PBXFrameworksBuildPhase;
			buildActionMask = 2147483647;
			files = (
			);
			runOnlyForDeploymentPostprocessing = 0;
		};
/* End PBXFrameworksBuildPhase section */

/* Begin PBXGroup section */
		9C56AE481CC11A9600A38BCE = {
			isa = PBXGroup;
			children = (
				9C56AE531CC11A9600A38BCE /* ResourceKit */,
				9C56AE5B1CC11C6200A38BCE /* Xcode */,
				9C56AE521CC11A9600A38BCE /* Products */,
			);
			sourceTree = "<group>";
		};
		9C56AE521CC11A9600A38BCE /* Products */ = {
			isa = PBXGroup;
			children = (
				9C56AE511CC11A9600A38BCE /* ResourceKit */,
			);
			name = Products;
			sourceTree = "<group>";
		};
		9C56AE531CC11A9600A38BCE /* ResourceKit */ = {
			isa = PBXGroup;
			children = (
				BA2456001F3B3D4700C383F4 /* Core */,
				BA1B67741F75DE6300AC7E31 /* Imports */,
				BA1B67711F75608B00AC7E31 /* Extensions */,
				BA1B67661F7551E200AC7E31 /* LocalizedString */,
				BA2455F91F3B3D1F00C383F4 /* Image */,
				9C8EB91E1CD84BE900E63A84 /* Parser */,
				9C56AE541CC11A9600A38BCE /* main.swift */,
				9C56AE641CC11CA800A38BCE /* Cell.swift */,
				9C0CC59F1D3237A700683AC6 /* Error.swift */,
				9C56AE651CC11CA800A38BCE /* Component.swift */,
				9C56AE661CC11CA800A38BCE /* Helper.swift */,
				9C56AE6A1CC11CA800A38BCE /* Structure.swift */,
				9C56AE6B1CC11CA800A38BCE /* ViewController.swift */,
				BAB2EB8D1F09463E00607C22 /* AccessControlType.swift */,
				9C56AE761CC11F9500A38BCE /* Resource.swift */,
				9C56AE6C1CC11CA800A38BCE /* Xib.swift */,
			);
			path = ResourceKit;
			sourceTree = "<group>";
		};
		9C56AE5B1CC11C6200A38BCE /* Xcode */ = {
			isa = PBXGroup;
			children = (
				9C56AE5C1CC11C8000A38BCE /* Extensions.swift */,
				9C56AE5D1CC11C8000A38BCE /* PBXObject.swift */,
				9C56AE5E1CC11C8000A38BCE /* Serialization.swift */,
				9C56AE5F1CC11C8000A38BCE /* XCProjectFile.swift */,
			);
			name = Xcode;
			sourceTree = "<group>";
		};
		9C8EB91E1CD84BE900E63A84 /* Parser */ = {
			isa = PBXGroup;
			children = (
				9C56AE681CC11CA800A38BCE /* Parser.swift */,
				9C8EB91C1CD84BDE00E63A84 /* XibParser.swift */,
				9C8EB91A1CD84BD100E63A84 /* StoryboardParser.swift */,
				9C8EB9151CD84BBA00E63A84 /* ProjectResourceParser.swift */,
			);
			name = Parser;
			sourceTree = "<group>";
		};
		BA1B67661F7551E200AC7E31 /* LocalizedString */ = {
			isa = PBXGroup;
			children = (
				BA1B67671F75520600AC7E31 /* LocalizedStringRepository.swift */,
				BA1B67691F75521900AC7E31 /* LocalizedStringTranslator.swift */,
				BA1B676F1F75523B00AC7E31 /* LocalizedStringOutputer.swift */,
				BA1B676D1F75522D00AC7E31 /* LocalizedStringEntity.swift */,
			);
			name = LocalizedString;
			sourceTree = "<group>";
		};
		BA1B67711F75608B00AC7E31 /* Extensions */ = {
			isa = PBXGroup;
			children = (
				BA1B67721F75609C00AC7E31 /* ExtensionsOutput.swift */,
			);
			name = Extensions;
			sourceTree = "<group>";
		};
		BA1B67741F75DE6300AC7E31 /* Imports */ = {
			isa = PBXGroup;
			children = (
				BA1B67751F75DE6F00AC7E31 /* ImportOutput.swift */,
			);
			name = Imports;
			sourceTree = "<group>";
		};
		BA1B67771F75EC5B00AC7E31 /* Resource */ = {
			isa = PBXGroup;
			children = (
				9C56AE691CC11CA800A38BCE /* ProjectResource.swift */,
				BA1B67781F75EC6F00AC7E31 /* AppendableProtocols.swift */,
			);
			name = Resource;
			sourceTree = "<group>";
		};
		BA2455F91F3B3D1F00C383F4 /* Image */ = {
			isa = PBXGroup;
			children = (
				BA2455FC1F3B3D3200C383F4 /* ImageRepository.swift */,
				BA2455FE1F3B3D4000C383F4 /* ImageTranslator.swift */,
				BA2456071F3B3E2100C383F4 /* ImageOutputer.swift */,
				BA2456051F3B3DEE00C383F4 /* ImageEntity.swift */,
			);
			name = Image;
			sourceTree = "<group>";
		};
		BA2456001F3B3D4700C383F4 /* Core */ = {
			isa = PBXGroup;
			children = (
				9C5990EA1CDB5145008884DA /* Config.swift */,
				BA2456011F3B3D4F00C383F4 /* Translator.swift */,
				BA2456031F3B3D6100C383F4 /* Output.swift */,
				BA1B67771F75EC5B00AC7E31 /* Resource */,
			);
			name = Core;
			sourceTree = "<group>";
		};
/* End PBXGroup section */

/* Begin PBXNativeTarget section */
		9C56AE501CC11A9600A38BCE /* ResourceKit */ = {
			isa = PBXNativeTarget;
			buildConfigurationList = 9C56AE581CC11A9600A38BCE /* Build configuration list for PBXNativeTarget "ResourceKit" */;
			buildPhases = (
				9C56AE4D1CC11A9600A38BCE /* Sources */,
				9C56AE4E1CC11A9600A38BCE /* Frameworks */,
				9C56AE4F1CC11A9600A38BCE /* CopyFiles */,
			);
			buildRules = (
			);
			dependencies = (
			);
			name = ResourceKit;
			productName = ResourceKit;
			productReference = 9C56AE511CC11A9600A38BCE /* ResourceKit */;
			productType = "com.apple.product-type.tool";
		};
/* End PBXNativeTarget section */

/* Begin PBXProject section */
		9C56AE491CC11A9600A38BCE /* Project object */ = {
			isa = PBXProject;
			attributes = {
				LastSwiftUpdateCheck = 0730;
				LastUpgradeCheck = 0730;
				ORGANIZATIONNAME = kingkong999yhirose;
				TargetAttributes = {
					9C56AE501CC11A9600A38BCE = {
						CreatedOnToolsVersion = 7.3;
						LastSwiftMigration = 0800;
					};
				};
			};
			buildConfigurationList = 9C56AE4C1CC11A9600A38BCE /* Build configuration list for PBXProject "ResourceKit" */;
			compatibilityVersion = "Xcode 3.2";
			developmentRegion = English;
			hasScannedForEncodings = 0;
			knownRegions = (
				en,
				Base,
			);
			mainGroup = 9C56AE481CC11A9600A38BCE;
			productRefGroup = 9C56AE521CC11A9600A38BCE /* Products */;
			projectDirPath = "";
			projectRoot = "";
			targets = (
				9C56AE501CC11A9600A38BCE /* ResourceKit */,
			);
		};
/* End PBXProject section */

/* Begin PBXSourcesBuildPhase section */
		9C56AE4D1CC11A9600A38BCE /* Sources */ = {
			isa = PBXSourcesBuildPhase;
			buildActionMask = 2147483647;
			files = (
				9C56AE741CC11CA800A38BCE /* ViewController.swift in Sources */,
				BA2456081F3B3E2100C383F4 /* ImageOutputer.swift in Sources */,
				9C0CC5A01D3237A700683AC6 /* Error.swift in Sources */,
				BA1B676E1F75522D00AC7E31 /* LocalizedStringEntity.swift in Sources */,
				BA2456021F3B3D4F00C383F4 /* Translator.swift in Sources */,
				BA1B67681F75520600AC7E31 /* LocalizedStringRepository.swift in Sources */,
				9C56AE6E1CC11CA800A38BCE /* Component.swift in Sources */,
				9C56AE621CC11C8000A38BCE /* Serialization.swift in Sources */,
				BAB2EB8E1F09463E00607C22 /* AccessControlType.swift in Sources */,
				9C5990EB1CDB5145008884DA /* Config.swift in Sources */,
				9C56AE6D1CC11CA800A38BCE /* Cell.swift in Sources */,
				9C8EB91D1CD84BDE00E63A84 /* XibParser.swift in Sources */,
				9C56AE611CC11C8000A38BCE /* PBXObject.swift in Sources */,
				BA1B676A1F75521900AC7E31 /* LocalizedStringTranslator.swift in Sources */,
				9C56AE631CC11C8000A38BCE /* XCProjectFile.swift in Sources */,
				9C56AE751CC11CA800A38BCE /* Xib.swift in Sources */,
				BA2456041F3B3D6100C383F4 /* Output.swift in Sources */,
				BA2455FF1F3B3D4000C383F4 /* ImageTranslator.swift in Sources */,
				BA2456061F3B3DEE00C383F4 /* ImageEntity.swift in Sources */,
				9C8EB91B1CD84BD100E63A84 /* StoryboardParser.swift in Sources */,
				BA1B67701F75523B00AC7E31 /* LocalizedStringOutputer.swift in Sources */,
				BA1B67791F75EC6F00AC7E31 /* AppendableProtocols.swift in Sources */,
				9C56AE771CC11F9500A38BCE /* Resource.swift in Sources */,
				9C56AE551CC11A9600A38BCE /* main.swift in Sources */,
				9C56AE601CC11C8000A38BCE /* Extensions.swift in Sources */,
				BA1B67731F75609C00AC7E31 /* ExtensionsOutput.swift in Sources */,
				BA1B67761F75DE6F00AC7E31 /* ImportOutput.swift in Sources */,
				9C56AE711CC11CA800A38BCE /* Parser.swift in Sources */,
				BA2455FD1F3B3D3200C383F4 /* ImageRepository.swift in Sources */,
				9C56AE721CC11CA800A38BCE /* ProjectResource.swift in Sources */,
				9C8EB9161CD84BBA00E63A84 /* ProjectResourceParser.swift in Sources */,
				9C56AE6F1CC11CA800A38BCE /* Helper.swift in Sources */,
				9C56AE731CC11CA800A38BCE /* Structure.swift in Sources */,
			);
			runOnlyForDeploymentPostprocessing = 0;
		};
/* End PBXSourcesBuildPhase section */

/* Begin XCBuildConfiguration section */
		9C56AE561CC11A9600A38BCE /* Debug */ = {
			isa = XCBuildConfiguration;
			buildSettings = {
				ALWAYS_SEARCH_USER_PATHS = NO;
				CLANG_ANALYZER_NONNULL = YES;
				CLANG_CXX_LANGUAGE_STANDARD = "gnu++0x";
				CLANG_CXX_LIBRARY = "libc++";
				CLANG_ENABLE_MODULES = YES;
				CLANG_ENABLE_OBJC_ARC = YES;
				CLANG_WARN_BOOL_CONVERSION = YES;
				CLANG_WARN_CONSTANT_CONVERSION = YES;
				CLANG_WARN_DIRECT_OBJC_ISA_USAGE = YES_ERROR;
				CLANG_WARN_EMPTY_BODY = YES;
				CLANG_WARN_ENUM_CONVERSION = YES;
				CLANG_WARN_INT_CONVERSION = YES;
				CLANG_WARN_OBJC_ROOT_CLASS = YES_ERROR;
				CLANG_WARN_UNREACHABLE_CODE = YES;
				CLANG_WARN__DUPLICATE_METHOD_MATCH = YES;
				CODE_SIGN_IDENTITY = "-";
				COPY_PHASE_STRIP = NO;
				DEBUG_INFORMATION_FORMAT = dwarf;
				ENABLE_STRICT_OBJC_MSGSEND = YES;
				ENABLE_TESTABILITY = YES;
				GCC_C_LANGUAGE_STANDARD = gnu99;
				GCC_DYNAMIC_NO_PIC = NO;
				GCC_NO_COMMON_BLOCKS = YES;
				GCC_OPTIMIZATION_LEVEL = 0;
				GCC_PREPROCESSOR_DEFINITIONS = (
					"DEBUG=1",
					"$(inherited)",
				);
				GCC_WARN_64_TO_32_BIT_CONVERSION = YES;
				GCC_WARN_ABOUT_RETURN_TYPE = YES_ERROR;
				GCC_WARN_UNDECLARED_SELECTOR = YES;
				GCC_WARN_UNINITIALIZED_AUTOS = YES_AGGRESSIVE;
				GCC_WARN_UNUSED_FUNCTION = YES;
				GCC_WARN_UNUSED_VARIABLE = YES;
				MACOSX_DEPLOYMENT_TARGET = 10.11;
				MTL_ENABLE_DEBUG_INFO = YES;
				ONLY_ACTIVE_ARCH = YES;
				SDKROOT = macosx;
				SWIFT_OPTIMIZATION_LEVEL = "-Onone";
			};
			name = Debug;
		};
		9C56AE571CC11A9600A38BCE /* Release */ = {
			isa = XCBuildConfiguration;
			buildSettings = {
				ALWAYS_SEARCH_USER_PATHS = NO;
				CLANG_ANALYZER_NONNULL = YES;
				CLANG_CXX_LANGUAGE_STANDARD = "gnu++0x";
				CLANG_CXX_LIBRARY = "libc++";
				CLANG_ENABLE_MODULES = YES;
				CLANG_ENABLE_OBJC_ARC = YES;
				CLANG_WARN_BOOL_CONVERSION = YES;
				CLANG_WARN_CONSTANT_CONVERSION = YES;
				CLANG_WARN_DIRECT_OBJC_ISA_USAGE = YES_ERROR;
				CLANG_WARN_EMPTY_BODY = YES;
				CLANG_WARN_ENUM_CONVERSION = YES;
				CLANG_WARN_INT_CONVERSION = YES;
				CLANG_WARN_OBJC_ROOT_CLASS = YES_ERROR;
				CLANG_WARN_UNREACHABLE_CODE = YES;
				CLANG_WARN__DUPLICATE_METHOD_MATCH = YES;
				CODE_SIGN_IDENTITY = "-";
				COPY_PHASE_STRIP = NO;
				DEBUG_INFORMATION_FORMAT = "dwarf-with-dsym";
				ENABLE_NS_ASSERTIONS = NO;
				ENABLE_STRICT_OBJC_MSGSEND = YES;
				GCC_C_LANGUAGE_STANDARD = gnu99;
				GCC_NO_COMMON_BLOCKS = YES;
				GCC_WARN_64_TO_32_BIT_CONVERSION = YES;
				GCC_WARN_ABOUT_RETURN_TYPE = YES_ERROR;
				GCC_WARN_UNDECLARED_SELECTOR = YES;
				GCC_WARN_UNINITIALIZED_AUTOS = YES_AGGRESSIVE;
				GCC_WARN_UNUSED_FUNCTION = YES;
				GCC_WARN_UNUSED_VARIABLE = YES;
				MACOSX_DEPLOYMENT_TARGET = 10.11;
				MTL_ENABLE_DEBUG_INFO = NO;
				SDKROOT = macosx;
			};
			name = Release;
		};
		9C56AE591CC11A9600A38BCE /* Debug */ = {
			isa = XCBuildConfiguration;
			buildSettings = {
				PRODUCT_NAME = "$(TARGET_NAME)";
				SWIFT_VERSION = 3.0;
			};
			name = Debug;
		};
		9C56AE5A1CC11A9600A38BCE /* Release */ = {
			isa = XCBuildConfiguration;
			buildSettings = {
				PRODUCT_NAME = "$(TARGET_NAME)";
				SWIFT_VERSION = 3.0;
			};
			name = Release;
		};
/* End XCBuildConfiguration section */

/* Begin XCConfigurationList section */
		9C56AE4C1CC11A9600A38BCE /* Build configuration list for PBXProject "ResourceKit" */ = {
			isa = XCConfigurationList;
			buildConfigurations = (
				9C56AE561CC11A9600A38BCE /* Debug */,
				9C56AE571CC11A9600A38BCE /* Release */,
			);
			defaultConfigurationIsVisible = 0;
			defaultConfigurationName = Release;
		};
		9C56AE581CC11A9600A38BCE /* Build configuration list for PBXNativeTarget "ResourceKit" */ = {
			isa = XCConfigurationList;
			buildConfigurations = (
				9C56AE591CC11A9600A38BCE /* Debug */,
				9C56AE5A1CC11A9600A38BCE /* Release */,
			);
			defaultConfigurationIsVisible = 0;
			defaultConfigurationName = Release;
		};
/* End XCConfigurationList section */
	};
	rootObject = 9C56AE491CC11A9600A38BCE /* Project object */;
}
